
Microsoft Visual Studio Solution File, Format Version 12.00
# Visual Studio Version 16
VisualStudioVersion = 16.0.31321.278
MinimumVisualStudioVersion = 10.0.40219.1
Project("{FAE04EC0-301F-11D3-BF4B-00C04F79EFBC}") = "MIS.23", "MIS.23\MIS.23.csproj", "{2246306F-7B5A-4906-88F7-E4124D0704E8}"
EndProject
Global
	GlobalSection(SolutionConfigurationPlatforms) = preSolution
		Debug|Any CPU = Debug|Any CPU
		Release|Any CPU = Release|Any CPU
	EndGlobalSection
	GlobalSection(ProjectConfigurationPlatforms) = postSolution
		{2246306F-7B5A-4906-88F7-E4124D0704E8}.Debug|Any CPU.ActiveCfg = Debug|Any CPU
		{2246306F-7B5A-4906-88F7-E4124D0704E8}.Debug|Any CPU.Build.0 = Debug|Any CPU
		{2246306F-7B5A-4906-88F7-E4124D0704E8}.Release|Any CPU.ActiveCfg = Release|Any CPU
		{2246306F-7B5A-4906-88F7-E4124D0704E8}.Release|Any CPU.Build.0 = Release|Any CPU
	EndGlobalSection
	GlobalSection(SolutionProperties) = preSolution
		HideSolutionNode = FALSE
	EndGlobalSection
	GlobalSection(ExtensibilityGlobals) = postSolution
		SolutionGuid = {087D0530-DC34-43E9-8597-40698D77D81F}
	EndGlobalSection
EndGlobal
